
Microsoft Visual Studio Solution File, Format Version 12.00
# Visual Studio Version 17
VisualStudioVersion = 17.3.32819.101
MinimumVisualStudioVersion = 10.0.40219.1
Project("{9A19103F-16F7-4668-BE54-9A1E7A4F7556}") = "MediatRAspnetCore.API", "MediatRAspnetCore.API\MediatRAspnetCore.API.csproj", "{13B925EF-8EF6-412E-BE34-35289C4FFCA4}"
EndProject
Project("{9A19103F-16F7-4668-BE54-9A1E7A4F7556}") = "MediatRAspnetCore.Application", "MediatRAspnetCore.Application\MediatRAspnetCore.Application.csproj", "{58606739-51A1-458C-B924-FFFECE0E45D9}"
EndProject
Project("{9A19103F-16F7-4668-BE54-9A1E7A4F7556}") = "MediatRAspnetCore.Infra.IoC", "MediatRAspnetCore.Infra.IoC\MediatRAspnetCore.Infra.IoC.csproj", "{B785BB3A-2326-4ADF-ABE4-9D918E4F3599}"
EndProject
Global
	GlobalSection(SolutionConfigurationPlatforms) = preSolution
		Debug|Any CPU = Debug|Any CPU
		Release|Any CPU = Release|Any CPU
	EndGlobalSection
	GlobalSection(ProjectConfigurationPlatforms) = postSolution
		{13B925EF-8EF6-412E-BE34-35289C4FFCA4}.Debug|Any CPU.ActiveCfg = Debug|Any CPU
		{13B925EF-8EF6-412E-BE34-35289C4FFCA4}.Debug|Any CPU.Build.0 = Debug|Any CPU
		{13B925EF-8EF6-412E-BE34-35289C4FFCA4}.Release|Any CPU.ActiveCfg = Release|Any CPU
		{13B925EF-8EF6-412E-BE34-35289C4FFCA4}.Release|Any CPU.Build.0 = Release|Any CPU
		{58606739-51A1-458C-B924-FFFECE0E45D9}.Debug|Any CPU.ActiveCfg = Debug|Any CPU
		{58606739-51A1-458C-B924-FFFECE0E45D9}.Debug|Any CPU.Build.0 = Debug|Any CPU
		{58606739-51A1-458C-B924-FFFECE0E45D9}.Release|Any CPU.ActiveCfg = Release|Any CPU
		{58606739-51A1-458C-B924-FFFECE0E45D9}.Release|Any CPU.Build.0 = Release|Any CPU
		{B785BB3A-2326-4ADF-ABE4-9D918E4F3599}.Debug|Any CPU.ActiveCfg = Debug|Any CPU
		{B785BB3A-2326-4ADF-ABE4-9D918E4F3599}.Debug|Any CPU.Build.0 = Debug|Any CPU
		{B785BB3A-2326-4ADF-ABE4-9D918E4F3599}.Release|Any CPU.ActiveCfg = Release|Any CPU
		{B785BB3A-2326-4ADF-ABE4-9D918E4F3599}.Release|Any CPU.Build.0 = Release|Any CPU
	EndGlobalSection
	GlobalSection(SolutionProperties) = preSolution
		HideSolutionNode = FALSE
	EndGlobalSection
	GlobalSection(ExtensibilityGlobals) = postSolution
		SolutionGuid = {DFC5346C-8E0A-4427-9695-190A98278DB0}
	EndGlobalSection
EndGlobal
